
Microsoft Visual Studio Solution File, Format Version 12.00
# Visual Studio Version 16
VisualStudioVersion = 16.0.32630.194
MinimumVisualStudioVersion = 10.0.40219.1
Project("{FAE04EC0-301F-11D3-BF4B-00C04F79EFBC}") = "TaskManagementSystem", "TaskManagementSystem.csproj", "{85D96411-9220-4E00-91CC-4D253AA49580}"
EndProject
Global
	GlobalSection(SolutionConfigurationPlatforms) = preSolution
		Debug|Any CPU = Debug|Any CPU
		Release|Any CPU = Release|Any CPU
	EndGlobalSection
	GlobalSection(ProjectConfigurationPlatforms) = postSolution
		{85D96411-9220-4E00-91CC-4D253AA49580}.Debug|Any CPU.ActiveCfg = Debug|Any CPU
		{85D96411-9220-4E00-91CC-4D253AA49580}.Debug|Any CPU.Build.0 = Debug|Any CPU
		{85D96411-9220-4E00-91CC-4D253AA49580}.Release|Any CPU.ActiveCfg = Release|Any CPU
		{85D96411-9220-4E00-91CC-4D253AA49580}.Release|Any CPU.Build.0 = Release|Any CPU
	EndGlobalSection
	GlobalSection(SolutionProperties) = preSolution
		HideSolutionNode = FALSE
	EndGlobalSection
	GlobalSection(ExtensibilityGlobals) = postSolution
		SolutionGuid = {72930C40-760C-409F-BF14-B0AAB45659B5}
	EndGlobalSection
EndGlobal
